{
  "name": "phrasal-player-provider",
  "version": "1.0.1",
  "lockfileVersion": 2,
  "requires": true,
  "packages": {
    "": {
      "name": "phrasal-player-provider",
      "version": "1.0.1",
      "license": "MIT",
      "dependencies": {
        "wavesurfer.js": "^6.5.2"
      }
    },
    "node_modules/wavesurfer.js": {
      "version": "6.5.2",
      "resolved": "https://registry.npmjs.org/wavesurfer.js/-/wavesurfer.js-6.5.2.tgz",
      "integrity": "sha512-1GfjeFlaaYnlOcwZ3M0MjYgmAVzL4dKARfJIlM9L/NVECFRwMsV7wtOWA1ZBukjFABt+DL+JiZOEIAtomqSMJg=="
    }
  },
  "dependencies": {
    "wavesurfer.js": {
      "version": "6.5.2",
      "resolved": "https://registry.npmjs.org/wavesurfer.js/-/wavesurfer.js-6.5.2.tgz",
      "integrity": "sha512-1GfjeFlaaYnlOcwZ3M0MjYgmAVzL4dKARfJIlM9L/NVECFRwMsV7wtOWA1ZBukjFABt+DL+JiZOEIAtomqSMJg=="
    }
  }
}
